<?xml version="1.0" encoding="utf-8"?>
<Project ToolsVersion="4.0" xmlns="http://schemas.microsoft.com/developer/msbuild/2003">
  <ItemGroup>
    <Filter Include="ソース ファイル">
      <UniqueIdentifier>{4FC737F1-C7A5-4376-A066-2A32D752A2FF}</UniqueIdentifier>
      <Extensions>cpp;c;cc;cxx;c++;cppm;ixx;def;odl;idl;hpj;bat;asm;asmx</Extensions>
    </Filter>
    <Filter Include="ヘッダー ファイル">
      <UniqueIdentifier>{93995380-89BD-4b04-88EB-625FBE52EBFB}</UniqueIdentifier>
      <Extensions>h;hh;hpp;hxx;h++;hm;inl;inc;ipp;xsd</Extensions>
    </Filter>
    <Filter Include="リソース ファイル">
      <UniqueIdentifier>{67DA6AB6-F800-4c08-8B7A-83BB121AAD01}</UniqueIdentifier>
      <Extensions>rc;ico;cur;bmp;dlg;rc2;rct;bin;rgs;gif;jpg;jpeg;jpe;resx;tiff;tif;png;wav;mfcribbon-ms</Extensions>
    </Filter>
    <Filter Include="リソース ファイル\Sprite">
      <UniqueIdentifier>{626b5611-8691-4cca-9bac-0cba214f6893}</UniqueIdentifier>
    </Filter>
    <Filter Include="リソース ファイル\Geometry">
      <UniqueIdentifier>{e1f1ce9c-eda9-4957-8ccd-a66780b038c7}</UniqueIdentifier>
    </Filter>
    <Filter Include="ソース ファイル\camera">
      <UniqueIdentifier>{9bdd6785-2fba-430e-ae42-2cac5b9d4ae4}</UniqueIdentifier>
    </Filter>
    <Filter Include="ヘッダー ファイル\camera">
      <UniqueIdentifier>{488cb75a-813f-4766-a922-30ee4f0982af}</UniqueIdentifier>
    </Filter>
    <Filter Include="リソース ファイル\Fbx">
      <UniqueIdentifier>{9712e96f-6e1a-43e9-95c5-b4eea0854433}</UniqueIdentifier>
    </Filter>
    <Filter Include="ソース ファイル\scene">
      <UniqueIdentifier>{73170d81-237c-484b-9f28-c5917f45b962}</UniqueIdentifier>
    </Filter>
    <Filter Include="ヘッダー ファイル\scene">
      <UniqueIdentifier>{cc9f3368-0578-423a-bbb2-7e03a2af66f2}</UniqueIdentifier>
    </Filter>
    <Filter Include="ヘッダー ファイル\Engine">
      <UniqueIdentifier>{d069972c-0599-458c-94ac-c50530b3a62f}</UniqueIdentifier>
    </Filter>
    <Filter Include="ソース ファイル\Engine">
      <UniqueIdentifier>{19904471-5456-41de-9e60-1c7dbfbe0c65}</UniqueIdentifier>
    </Filter>
    <Filter Include="ソース ファイル\Engine\input">
      <UniqueIdentifier>{1ba15469-4355-448e-9a04-9816bbf3b65b}</UniqueIdentifier>
    </Filter>
    <Filter Include="ソース ファイル\Engine\loader">
      <UniqueIdentifier>{54ab1b9e-db1d-4f1a-aac9-6cd15a7b005e}</UniqueIdentifier>
    </Filter>
    <Filter Include="ソース ファイル\Engine\base">
      <UniqueIdentifier>{e911a7ae-43a4-4f15-b5d9-f88730c828c7}</UniqueIdentifier>
    </Filter>
    <Filter Include="ソース ファイル\Engine\2D">
      <UniqueIdentifier>{2a25d259-8155-498f-88b8-c8dc85f84c5c}</UniqueIdentifier>
    </Filter>
    <Filter Include="ソース ファイル\Engine\3D">
      <UniqueIdentifier>{e68162e0-a969-44e0-9749-9619bd49e9cd}</UniqueIdentifier>
    </Filter>
    <Filter Include="ヘッダー ファイル\Engine\2D">
      <UniqueIdentifier>{7e1097f4-663a-4761-bc33-0f01215a29a1}</UniqueIdentifier>
    </Filter>
    <Filter Include="ヘッダー ファイル\Engine\base">
      <UniqueIdentifier>{5360f954-7329-4b82-8521-62e9e75b57f1}</UniqueIdentifier>
    </Filter>
    <Filter Include="ヘッダー ファイル\Engine\3D">
      <UniqueIdentifier>{58f5526e-9fa5-4de1-b022-c60c30afcfb0}</UniqueIdentifier>
    </Filter>
    <Filter Include="ヘッダー ファイル\Engine\input">
      <UniqueIdentifier>{fb4c1ad2-5415-4cc5-99a9-7e3fd0a71bd6}</UniqueIdentifier>
    </Filter>
    <Filter Include="ヘッダー ファイル\Engine\loader">
      <UniqueIdentifier>{ef9199b7-0899-4312-bb9b-9c80de6d7899}</UniqueIdentifier>
    </Filter>
    <Filter Include="ヘッダー ファイル\Game">
      <UniqueIdentifier>{f468bd23-8142-4f3a-86ef-3acc325289c4}</UniqueIdentifier>
    </Filter>
    <Filter Include="ソース ファイル\Game">
      <UniqueIdentifier>{9d5a1176-9421-4ef3-a14b-d5c05a131168}</UniqueIdentifier>
    </Filter>
    <Filter Include="ソース ファイル\Game\3D">
      <UniqueIdentifier>{854dc265-fe76-4bb4-bbfd-cde99ba326e2}</UniqueIdentifier>
    </Filter>
    <Filter Include="ヘッダー ファイル\Game\3D">
      <UniqueIdentifier>{4c4fdb4d-7c3f-431a-a161-12b986251feb}</UniqueIdentifier>
    </Filter>
    <Filter Include="ソース ファイル\Game\3D\SampleFbxObj">
      <UniqueIdentifier>{a286ec1a-2191-48c4-a219-f77bebdfcf67}</UniqueIdentifier>
    </Filter>
    <Filter Include="ヘッダー ファイル\Game\3D\SampleFbxObj">
      <UniqueIdentifier>{290283ec-e8c0-429d-82c8-a1497a9a6cda}</UniqueIdentifier>
    </Filter>
    <Filter Include="ソース ファイル\Game\2D">
      <UniqueIdentifier>{8c305fec-40eb-4bdd-ad79-77df9925e8d6}</UniqueIdentifier>
    </Filter>
    <Filter Include="ヘッダー ファイル\Game\2D">
      <UniqueIdentifier>{146d2af1-bf07-4573-8a4e-17cd53245a07}</UniqueIdentifier>
    </Filter>
    <Filter Include="ソース ファイル\Game\2D\SampleSp">
      <UniqueIdentifier>{d7c73088-bb8e-47cd-ae38-d0227f1c5969}</UniqueIdentifier>
    </Filter>
    <Filter Include="ヘッダー ファイル\Game\2D\SampleSp">
      <UniqueIdentifier>{b9ed47f6-925a-4393-94c5-5bd4141d0491}</UniqueIdentifier>
    </Filter>
    <Filter Include="リソース ファイル\Obj">
      <UniqueIdentifier>{64f7312d-974c-4d51-8c15-3186ca7f85ab}</UniqueIdentifier>
    </Filter>
    <Filter Include="ソース ファイル\Game\3D\SampleObjObj">
      <UniqueIdentifier>{07f97024-e6e9-4372-922a-d8221dcfcaa3}</UniqueIdentifier>
    </Filter>
    <Filter Include="ヘッダー ファイル\Game\3D\SampleObjObj">
      <UniqueIdentifier>{8eb6ad4c-b470-42bd-847b-87701060ec31}</UniqueIdentifier>
    </Filter>
    <Filter Include="ソース ファイル\Engine\light">
      <UniqueIdentifier>{b4402cd7-b145-4e61-b62e-0725987c2eb6}</UniqueIdentifier>
    </Filter>
    <Filter Include="ヘッダー ファイル\Engine\light">
      <UniqueIdentifier>{73c5446c-2f9a-4ac4-8d7e-cba68206dc02}</UniqueIdentifier>
    </Filter>
    <Filter Include="ソース ファイル\Engine\debug">
      <UniqueIdentifier>{151054ae-f261-4dcb-bb3b-564e59f3b338}</UniqueIdentifier>
    </Filter>
    <Filter Include="ヘッダー ファイル\Engine\debug">
      <UniqueIdentifier>{d96c3c6b-9ff1-4f5c-8f22-9ad4e252726d}</UniqueIdentifier>
    </Filter>
    <Filter Include="ヘッダー ファイル\Game\Collision">
      <UniqueIdentifier>{ed55e1b5-df43-439c-91b9-e4f1cecb5398}</UniqueIdentifier>
    </Filter>
    <Filter Include="ソース ファイル\Game\Collision">
      <UniqueIdentifier>{7a66ea4d-af22-4827-b1df-89c30e9f5083}</UniqueIdentifier>
    </Filter>
    <Filter Include="ヘッダー ファイル\Engine\math">
      <UniqueIdentifier>{70446899-e34a-4634-8bad-dbeb53b3a492}</UniqueIdentifier>
    </Filter>
    <Filter Include="ヘッダー ファイル\Engine\math\Vector">
      <UniqueIdentifier>{db74bb4f-71b6-4558-994f-451d10b17b01}</UniqueIdentifier>
    </Filter>
    <Filter Include="ヘッダー ファイル\Engine\math\Easing">
      <UniqueIdentifier>{6b0e4025-daeb-4bcd-a2e8-d2034dfc62a8}</UniqueIdentifier>
    </Filter>
    <Filter Include="ソース ファイル\Engine\math">
      <UniqueIdentifier>{a249e385-bd10-49d9-acbc-3e9402d6505a}</UniqueIdentifier>
    </Filter>
    <Filter Include="ソース ファイル\Engine\math\Vector">
      <UniqueIdentifier>{eb765e86-4d56-47b4-867f-62711b5a4426}</UniqueIdentifier>
    </Filter>
    <Filter Include="ソース ファイル\Engine\math\Easing">
      <UniqueIdentifier>{58f3fda8-68f6-4077-8f5a-622afe7f52e3}</UniqueIdentifier>
    </Filter>
    <Filter Include="ソース ファイル\Game\3D\Player">
      <UniqueIdentifier>{5949d41d-9305-416f-9905-588970eaa92f}</UniqueIdentifier>
    </Filter>
    <Filter Include="ヘッダー ファイル\Game\3D\Player">
      <UniqueIdentifier>{4f988093-55cc-4672-ab67-28950aae695c}</UniqueIdentifier>
    </Filter>
    <Filter Include="ソース ファイル\Game\Collision\CollisionSystem">
      <UniqueIdentifier>{a30e288a-a45b-4ebf-aa6b-672dfa094c99}</UniqueIdentifier>
    </Filter>
    <Filter Include="ヘッダー ファイル\Game\Collision\CollisionSystem">
      <UniqueIdentifier>{2fa0169a-8427-49bb-a175-5cfa3eac42f8}</UniqueIdentifier>
    </Filter>
  </ItemGroup>
  <ItemGroup>
    <ClCompile Include="main.cpp">
      <Filter>ソース ファイル</Filter>
    </ClCompile>
    <ClCompile Include="camera\Camera.cpp">
      <Filter>ソース ファイル\camera</Filter>
    </ClCompile>
    <ClCompile Include="scene\BaseScene.cpp">
      <Filter>ソース ファイル\scene</Filter>
    </ClCompile>
    <ClCompile Include="scene\SampleScene.cpp">
      <Filter>ソース ファイル\scene</Filter>
    </ClCompile>
    <ClCompile Include="Game\3D\BaseFbxObjects.cpp">
      <Filter>ソース ファイル\Game\3D</Filter>
    </ClCompile>
    <ClCompile Include="Engine\2D\Sprite.cpp">
      <Filter>ソース ファイル\Engine\2D</Filter>
    </ClCompile>
    <ClCompile Include="Engine\3D\FbxModelObject.cpp">
      <Filter>ソース ファイル\Engine\3D</Filter>
    </ClCompile>
    <ClCompile Include="Engine\3D\ViewProjection.cpp">
      <Filter>ソース ファイル\Engine\3D</Filter>
    </ClCompile>
    <ClCompile Include="Engine\3D\WorldTransform.cpp">
      <Filter>ソース ファイル\Engine\3D</Filter>
    </ClCompile>
    <ClCompile Include="Engine\base\Application.cpp">
      <Filter>ソース ファイル\Engine\base</Filter>
    </ClCompile>
    <ClCompile Include="Engine\base\DirectXCommon.cpp">
      <Filter>ソース ファイル\Engine\base</Filter>
    </ClCompile>
    <ClCompile Include="Engine\base\FbxModelManager.cpp">
      <Filter>ソース ファイル\Engine\base</Filter>
    </ClCompile>
    <ClCompile Include="Engine\base\ParticleManager.cpp">
      <Filter>ソース ファイル\Engine\base</Filter>
    </ClCompile>
    <ClCompile Include="Engine\base\TextureManager.cpp">
      <Filter>ソース ファイル\Engine\base</Filter>
    </ClCompile>
    <ClCompile Include="Engine\base\Window.cpp">
      <Filter>ソース ファイル\Engine\base</Filter>
    </ClCompile>
    <ClCompile Include="Engine\input\Input.cpp">
      <Filter>ソース ファイル\Engine\input</Filter>
    </ClCompile>
    <ClCompile Include="Engine\loader\FbxLoader.cpp">
      <Filter>ソース ファイル\Engine\loader</Filter>
    </ClCompile>
    <ClCompile Include="Game\3D\SampleFbxObject\SampleFbxObject.cpp">
      <Filter>ソース ファイル\Game\3D\SampleFbxObj</Filter>
    </ClCompile>
    <ClCompile Include="Game\2D\BaseSprites.cpp">
      <Filter>ソース ファイル\Game\2D</Filter>
    </ClCompile>
    <ClCompile Include="Game\2D\SampleSprite\SampleSprite.cpp">
      <Filter>ソース ファイル\Game\2D\SampleSp</Filter>
    </ClCompile>
    <ClCompile Include="Engine\math\Vector\Vector2.cpp">
      <Filter>ソース ファイル\Engine\math\Vector</Filter>
    </ClCompile>
    <ClCompile Include="Engine\math\Vector\Vector3.cpp">
      <Filter>ソース ファイル\Engine\math\Vector</Filter>
    </ClCompile>
    <ClCompile Include="Engine\math\Vector\Vector4.cpp">
      <Filter>ソース ファイル\Engine\math\Vector</Filter>
    </ClCompile>
    <ClCompile Include="Engine\math\Easing\Easing.cpp">
      <Filter>ソース ファイル\Engine\math\Easing</Filter>
    </ClCompile>
    <ClCompile Include="Engine\3D\ObjModelObject.cpp">
      <Filter>ソース ファイル\Engine\3D</Filter>
    </ClCompile>
    <ClCompile Include="Engine\base\ObjModelManager.cpp">
      <Filter>ソース ファイル\Engine\base</Filter>
    </ClCompile>
    <ClCompile Include="Game\3D\BaseObjObject.cpp">
      <Filter>ソース ファイル\Game\3D</Filter>
    </ClCompile>
    <ClCompile Include="Game\3D\SampleObjObject\SampleObjObject.cpp">
      <Filter>ソース ファイル\Game\3D\SampleObjObj</Filter>
    </ClCompile>
    <ClCompile Include="Engine\light\LightGroup.cpp">
      <Filter>ソース ファイル\Engine\light</Filter>
    </ClCompile>
    <ClCompile Include="Engine\debugProcess\DebugText.cpp">
      <Filter>ソース ファイル\Engine\debug</Filter>
    </ClCompile>
    <ClCompile Include="Engine\base\imguiManager.cpp">
      <Filter>ソース ファイル\Engine\base</Filter>
    </ClCompile>
    <ClCompile Include="Game\Collision\SphereCollider.cpp">
      <Filter>ソース ファイル\Game\Collision</Filter>
    </ClCompile>
    <ClCompile Include="Game\3D\Player\Player.cpp">
      <Filter>ソース ファイル\Game\3D\Player</Filter>
    </ClCompile>
    <ClCompile Include="Game\Collision\CollisionSystem\Collision.cpp">
      <Filter>ソース ファイル\Game\Collision\CollisionSystem</Filter>
    </ClCompile>
    <ClCompile Include="Game\Collision\CollisionSystem\CollisionManager.cpp">
      <Filter>ソース ファイル\Game\Collision\CollisionSystem</Filter>
    </ClCompile>
    <ClCompile Include="Game\Collision\CollisionSystem\CollisionPrimitive.cpp">
      <Filter>ソース ファイル\Game\Collision\CollisionSystem</Filter>
    </ClCompile>
    <ClCompile Include="Engine\base\ObjModelMesh.cpp">
      <Filter>ソース ファイル\Engine\base</Filter>
    </ClCompile>
    <ClCompile Include="Game\Collision\MeshCollider.cpp">
      <Filter>ソース ファイル\Game\Collision</Filter>
    </ClCompile>
    <ClCompile Include="Engine\3D\TouchableObject.cpp">
      <Filter>ソース ファイル\Engine\3D</Filter>
    </ClCompile>
  </ItemGroup>
  <ItemGroup>
    <ClInclude Include="camera\Camera.h">
      <Filter>ヘッダー ファイル\camera</Filter>
    </ClInclude>
    <ClInclude Include="scene\BaseScene.h">
      <Filter>ヘッダー ファイル\scene</Filter>
    </ClInclude>
    <ClInclude Include="scene\SampleScene.h">
      <Filter>ヘッダー ファイル\scene</Filter>
    </ClInclude>
    <ClInclude Include="Engine\2D\Sprite.h">
      <Filter>ヘッダー ファイル\Engine\2D</Filter>
    </ClInclude>
    <ClInclude Include="Engine\3D\FbxModelObject.h">
      <Filter>ヘッダー ファイル\Engine\3D</Filter>
    </ClInclude>
    <ClInclude Include="Engine\3D\ViewProjection.h">
      <Filter>ヘッダー ファイル\Engine\3D</Filter>
    </ClInclude>
    <ClInclude Include="Engine\3D\WorldTransform.h">
      <Filter>ヘッダー ファイル\Engine\3D</Filter>
    </ClInclude>
    <ClInclude Include="Engine\base\Application.h">
      <Filter>ヘッダー ファイル\Engine\base</Filter>
    </ClInclude>
    <ClInclude Include="Engine\base\DirectXCommon.h">
      <Filter>ヘッダー ファイル\Engine\base</Filter>
    </ClInclude>
    <ClInclude Include="Engine\base\FbxModelManager.h">
      <Filter>ヘッダー ファイル\Engine\base</Filter>
    </ClInclude>
    <ClInclude Include="Engine\base\ParticleManager.h">
      <Filter>ヘッダー ファイル\Engine\base</Filter>
    </ClInclude>
    <ClInclude Include="Engine\base\TextureManager.h">
      <Filter>ヘッダー ファイル\Engine\base</Filter>
    </ClInclude>
    <ClInclude Include="Engine\base\Window.h">
      <Filter>ヘッダー ファイル\Engine\base</Filter>
    </ClInclude>
    <ClInclude Include="Engine\input\Input.h">
      <Filter>ヘッダー ファイル\Engine\input</Filter>
    </ClInclude>
    <ClInclude Include="Engine\loader\FbxLoader.h">
      <Filter>ヘッダー ファイル\Engine\loader</Filter>
    </ClInclude>
    <ClInclude Include="Game\3D\SampleFbxObject\SampleFbxObject.h">
      <Filter>ヘッダー ファイル\Game\3D\SampleFbxObj</Filter>
    </ClInclude>
    <ClInclude Include="Game\2D\BaseSprites.h">
      <Filter>ヘッダー ファイル\Game\2D</Filter>
    </ClInclude>
    <ClInclude Include="Game\2D\SampleSprite\SampleSprite.h">
      <Filter>ヘッダー ファイル\Game\2D\SampleSp</Filter>
    </ClInclude>
    <ClInclude Include="Engine\math\Vector\Vector2.h">
      <Filter>ヘッダー ファイル\Engine\math\Vector</Filter>
    </ClInclude>
    <ClInclude Include="Engine\math\Vector\Vector3.h">
      <Filter>ヘッダー ファイル\Engine\math\Vector</Filter>
    </ClInclude>
    <ClInclude Include="Engine\math\Vector\Vector4.h">
      <Filter>ヘッダー ファイル\Engine\math\Vector</Filter>
    </ClInclude>
    <ClInclude Include="Engine\math\Easing\Easing.h">
      <Filter>ヘッダー ファイル\Engine\math\Easing</Filter>
    </ClInclude>
    <ClInclude Include="Game\3D\BaseFbxObjects.h">
      <Filter>ヘッダー ファイル\Game\3D</Filter>
    </ClInclude>
    <ClInclude Include="Engine\3D\ObjModelObject.h">
      <Filter>ヘッダー ファイル\Engine\3D</Filter>
    </ClInclude>
    <ClInclude Include="Engine\base\ObjModelManager.h">
      <Filter>ヘッダー ファイル\Engine\base</Filter>
    </ClInclude>
    <ClInclude Include="Game\3D\BaseObjObject.h">
      <Filter>ヘッダー ファイル\Game\3D</Filter>
    </ClInclude>
    <ClInclude Include="Game\3D\SampleObjObject\SampleObjObject.h">
      <Filter>ヘッダー ファイル\Game\3D\SampleObjObj</Filter>
    </ClInclude>
    <ClInclude Include="Engine\light\DirectionalLight.h">
      <Filter>ヘッダー ファイル\Engine\light</Filter>
    </ClInclude>
    <ClInclude Include="Engine\light\PointLight.h">
      <Filter>ヘッダー ファイル\Engine\light</Filter>
    </ClInclude>
    <ClInclude Include="Engine\light\LightGroup.h">
      <Filter>ヘッダー ファイル\Engine\light</Filter>
    </ClInclude>
    <ClInclude Include="Engine\debugProcess\DebugText.h">
      <Filter>ヘッダー ファイル\Engine\debug</Filter>
    </ClInclude>
    <ClInclude Include="Engine\base\imguiManager.h">
      <Filter>ヘッダー ファイル\Engine\base</Filter>
    </ClInclude>
    <ClInclude Include="Engine\light\SpotLight.h">
      <Filter>ヘッダー ファイル\Engine\light</Filter>
    </ClInclude>
    <ClInclude Include="Engine\light\CircleShadow.h">
      <Filter>ヘッダー ファイル\Engine\light</Filter>
    </ClInclude>
    <ClInclude Include="Game\Collision\SphereCollider.h">
      <Filter>ヘッダー ファイル\Game\Collision</Filter>
    </ClInclude>
    <ClInclude Include="Game\3D\Player\Player.h">
      <Filter>ヘッダー ファイル\Game\3D\Player</Filter>
    </ClInclude>
    <ClInclude Include="Game\Collision\CollisionSystem\Collision.h">
      <Filter>ヘッダー ファイル\Game\Collision\CollisionSystem</Filter>
    </ClInclude>
    <ClInclude Include="Game\Collision\CollisionSystem\CollisionInfo.h">
      <Filter>ヘッダー ファイル\Game\Collision\CollisionSystem</Filter>
    </ClInclude>
    <ClInclude Include="Game\Collision\CollisionSystem\CollisionManager.h">
      <Filter>ヘッダー ファイル\Game\Collision\CollisionSystem</Filter>
    </ClInclude>
    <ClInclude Include="Game\Collision\CollisionSystem\CollisionPrimitive.h">
      <Filter>ヘッダー ファイル\Game\Collision\CollisionSystem</Filter>
    </ClInclude>
    <ClInclude Include="Game\Collision\CollisionSystem\CollisionTypes.h">
      <Filter>ヘッダー ファイル\Game\Collision\CollisionSystem</Filter>
    </ClInclude>
    <ClInclude Include="Game\Collision\RaycastHit.h">
      <Filter>ヘッダー ファイル\Game\Collision</Filter>
    </ClInclude>
    <ClInclude Include="Engine\base\ObjModelMesh.h">
      <Filter>ヘッダー ファイル\Engine\base</Filter>
    </ClInclude>
    <ClInclude Include="Game\Collision\MeshCollider.h">
      <Filter>ヘッダー ファイル\Game\Collision</Filter>
    </ClInclude>
    <ClInclude Include="Game\Collision\CollisionSystem\BaseCollider.h">
      <Filter>ヘッダー ファイル\Game\Collision\CollisionSystem</Filter>
    </ClInclude>
    <ClInclude Include="Engine\3D\TouchableObject.h">
      <Filter>ヘッダー ファイル\Engine\3D</Filter>
    </ClInclude>
    <ClInclude Include="Game\Collision\CollisionSystem\CollisionAttribute.h">
      <Filter>ヘッダー ファイル\Game\Collision\CollisionSystem</Filter>
    </ClInclude>
    <ClInclude Include="Game\Collision\CollisionSystem\QueryCallback.h">
      <Filter>ヘッダー ファイル\Game\Collision\CollisionSystem</Filter>
    </ClInclude>
  </ItemGroup>
  <ItemGroup>
    <FxCompile Include="Resources\shader\SpritePS.hlsl">
      <Filter>リソース ファイル\Sprite</Filter>
    </FxCompile>
    <FxCompile Include="Resources\shader\SpriteVS.hlsl">
      <Filter>リソース ファイル\Sprite</Filter>
    </FxCompile>
    <FxCompile Include="Resources\shader\ParticlePS.hlsl">
      <Filter>リソース ファイル\Geometry</Filter>
    </FxCompile>
    <FxCompile Include="Resources\shader\ParticleVS.hlsl">
      <Filter>リソース ファイル\Geometry</Filter>
    </FxCompile>
    <FxCompile Include="Resources\shader\FBXVS.hlsl">
      <Filter>リソース ファイル\Fbx</Filter>
    </FxCompile>
    <FxCompile Include="Resources\shader\FBXPS.hlsl">
      <Filter>リソース ファイル\Fbx</Filter>
    </FxCompile>
    <FxCompile Include="Resources\shader\ParticleGS.hlsl">
      <Filter>リソース ファイル\Geometry</Filter>
    </FxCompile>
    <FxCompile Include="Resources\shader\ObjPS.hlsl">
      <Filter>リソース ファイル\Obj</Filter>
    </FxCompile>
    <FxCompile Include="Resources\shader\ObjVS.hlsl">
      <Filter>リソース ファイル\Obj</Filter>
    </FxCompile>
  </ItemGroup>
  <ItemGroup>
    <None Include="Resources\shader\Sprite.hlsli">
      <Filter>リソース ファイル\Sprite</Filter>
    </None>
    <None Include="Resources\shader\Particle.hlsli">
      <Filter>リソース ファイル\Geometry</Filter>
    </None>
    <None Include="Resources\shader\FBX.hlsli">
      <Filter>リソース ファイル\Fbx</Filter>
    </None>
    <None Include="Resources\shader\Obj.hlsli">
      <Filter>リソース ファイル\Obj</Filter>
    </None>
  </ItemGroup>
</Project>